// !$*UTF8*$!
{
	archiveVersion = 1;
	classes = {
	};
	objectVersion = 56;
	objects = {

/* Begin PBXBuildFile section */
		250157F12BFF773B00EDE4ED /* SignInView.swift in Sources */ = {isa = PBXBuildFile; fileRef = 250157F02BFF773B00EDE4ED /* SignInView.swift */; };
		250157F32BFF7B3700EDE4ED /* SignInViewController.swift in Sources */ = {isa = PBXBuildFile; fileRef = 250157F22BFF7B3700EDE4ED /* SignInViewController.swift */; };
		2507EE8F2C2181FA00997516 /* Jalnan.otf in Resources */ = {isa = PBXBuildFile; fileRef = 2507EE8E2C2181FA00997516 /* Jalnan.otf */; };
		2518A84F2BFE820200B510A9 /* FontManager.swift in Sources */ = {isa = PBXBuildFile; fileRef = 2518A84E2BFE820200B510A9 /* FontManager.swift */; };
		2518A8522BFE827600B510A9 /* UIButtonExtension.swift in Sources */ = {isa = PBXBuildFile; fileRef = 2518A8512BFE827600B510A9 /* UIButtonExtension.swift */; };
		2518A8552BFF262B00B510A9 /* AppColors.swift in Sources */ = {isa = PBXBuildFile; fileRef = 2518A8542BFF262B00B510A9 /* AppColors.swift */; };
		2518A8572BFF272F00B510A9 /* UITextFieldExtension.swift in Sources */ = {isa = PBXBuildFile; fileRef = 2518A8562BFF272F00B510A9 /* UITextFieldExtension.swift */; };
		2534DA2C2BFFC1510015B289 /* AccountFinderView.swift in Sources */ = {isa = PBXBuildFile; fileRef = 2534DA2B2BFFC1510015B289 /* AccountFinderView.swift */; };
		2534DA2E2BFFC3F20015B289 /* EmailPasswordChoiceView.swift in Sources */ = {isa = PBXBuildFile; fileRef = 2534DA2D2BFFC3F20015B289 /* EmailPasswordChoiceView.swift */; };
		2534DA302BFFC7620015B289 /* AccountFinderViewController.swift in Sources */ = {isa = PBXBuildFile; fileRef = 2534DA2F2BFFC7620015B289 /* AccountFinderViewController.swift */; };
		2534DA322BFFC8720015B289 /* EmailPasswordChoiceViewController.swift in Sources */ = {isa = PBXBuildFile; fileRef = 2534DA312BFFC8720015B289 /* EmailPasswordChoiceViewController.swift */; };
		259E11BC2C063BCF008A6A8B /* Model.swift in Sources */ = {isa = PBXBuildFile; fileRef = 259E11BB2C063BCF008A6A8B /* Model.swift */; };
		259E11BF2C064B53008A6A8B /* ScheduleTableViewCell.swift in Sources */ = {isa = PBXBuildFile; fileRef = 259E11BE2C064B53008A6A8B /* ScheduleTableViewCell.swift */; };
		259E11C12C0668BC008A6A8B /* NanumGothic.otf in Resources */ = {isa = PBXBuildFile; fileRef = 259E11C02C0668BC008A6A8B /* NanumGothic.otf */; };
		259E11C32C070E7D008A6A8B /* Haptics.swift in Sources */ = {isa = PBXBuildFile; fileRef = 259E11C22C070E7D008A6A8B /* Haptics.swift */; };
		259E11CD2C071976008A6A8B /* ScheduleCreationViewController.swift in Sources */ = {isa = PBXBuildFile; fileRef = 259E11CC2C071976008A6A8B /* ScheduleCreationViewController.swift */; };
		259E11CF2C071AC6008A6A8B /* ScheduleCreationView.swift in Sources */ = {isa = PBXBuildFile; fileRef = 259E11CE2C071AC6008A6A8B /* ScheduleCreationView.swift */; };
		25A6C5682BFE66E700B22DD1 /* AppDelegate.swift in Sources */ = {isa = PBXBuildFile; fileRef = 25A6C5672BFE66E700B22DD1 /* AppDelegate.swift */; };
		25A6C56A2BFE66E700B22DD1 /* SceneDelegate.swift in Sources */ = {isa = PBXBuildFile; fileRef = 25A6C5692BFE66E700B22DD1 /* SceneDelegate.swift */; };
		25A6C5712BFE66E800B22DD1 /* Assets.xcassets in Resources */ = {isa = PBXBuildFile; fileRef = 25A6C5702BFE66E800B22DD1 /* Assets.xcassets */; };
		25A6C5742BFE66E800B22DD1 /* Base in Resources */ = {isa = PBXBuildFile; fileRef = 25A6C5732BFE66E800B22DD1 /* Base */; };
		25AA73C72C0DB7140045296D /* ToDoTableViewCell.swift in Sources */ = {isa = PBXBuildFile; fileRef = 25AA73C62C0DB7140045296D /* ToDoTableViewCell.swift */; };
		25B695442C24C07A00004A15 /* DateManager.swift in Sources */ = {isa = PBXBuildFile; fileRef = 25B695432C24C07A00004A15 /* DateManager.swift */; };
		25DA401C2C02151900B7F59E /* HomeViewController.swift in Sources */ = {isa = PBXBuildFile; fileRef = 25DA401B2C02151900B7F59E /* HomeViewController.swift */; };
		25DA401E2C02153F00B7F59E /* HomeView.swift in Sources */ = {isa = PBXBuildFile; fileRef = 25DA401D2C02153F00B7F59E /* HomeView.swift */; };
		25DA40202C02156D00B7F59E /* ScheduleViewController.swift in Sources */ = {isa = PBXBuildFile; fileRef = 25DA401F2C02156D00B7F59E /* ScheduleViewController.swift */; };
		25DA40222C02157D00B7F59E /* ScheduleView.swift in Sources */ = {isa = PBXBuildFile; fileRef = 25DA40212C02157D00B7F59E /* ScheduleView.swift */; };
		25DA40242C0215F200B7F59E /* UserInfoViewController.swift in Sources */ = {isa = PBXBuildFile; fileRef = 25DA40232C0215F200B7F59E /* UserInfoViewController.swift */; };
		25DA40262C02160300B7F59E /* UserInfoView.swift in Sources */ = {isa = PBXBuildFile; fileRef = 25DA40252C02160300B7F59E /* UserInfoView.swift */; };
		25DA40282C02217400B7F59E /* AppTexts.swift in Sources */ = {isa = PBXBuildFile; fileRef = 25DA40272C02217400B7F59E /* AppTexts.swift */; };
		25DA402A2C03435400B7F59E /* EventSummaryView.swift in Sources */ = {isa = PBXBuildFile; fileRef = 25DA40292C03435400B7F59E /* EventSummaryView.swift */; };
		25DA402C2C0344A400B7F59E /* EventSummaryViewController.swift in Sources */ = {isa = PBXBuildFile; fileRef = 25DA402B2C0344A400B7F59E /* EventSummaryViewController.swift */; };
		25E4F45D2BFE7D6E00870129 /* AuthSelectionViewController.swift in Sources */ = {isa = PBXBuildFile; fileRef = 25E4F45C2BFE7D6E00870129 /* AuthSelectionViewController.swift */; };
		25E4F45F2BFE7D8300870129 /* EmailLoginViewController.swift in Sources */ = {isa = PBXBuildFile; fileRef = 25E4F45E2BFE7D8300870129 /* EmailLoginViewController.swift */; };
		25E4F4612BFE7DC800870129 /* AuthSelectionView.swift in Sources */ = {isa = PBXBuildFile; fileRef = 25E4F4602BFE7DC800870129 /* AuthSelectionView.swift */; };
		25E4F4632BFE7DD100870129 /* EmailLoginView.swift in Sources */ = {isa = PBXBuildFile; fileRef = 25E4F4622BFE7DD100870129 /* EmailLoginView.swift */; };
		25E4F4682BFE7F1800870129 /* NanumGothicBold.otf in Resources */ = {isa = PBXBuildFile; fileRef = 25E4F4672BFE7F1800870129 /* NanumGothicBold.otf */; };
		25E4F46A2BFE7F1E00870129 /* NanumGothicExtraBold.otf in Resources */ = {isa = PBXBuildFile; fileRef = 25E4F4692BFE7F1E00870129 /* NanumGothicExtraBold.otf */; };
		9217436B78632A3970F4EC5A /* Pods_ToDoIt.framework in Frameworks */ = {isa = PBXBuildFile; fileRef = F4177CBE3F632AA5895305DB /* Pods_ToDoIt.framework */; };
/* End PBXBuildFile section */

/* Begin PBXFileReference section */
		250157F02BFF773B00EDE4ED /* SignInView.swift */ = {isa = PBXFileReference; lastKnownFileType = sourcecode.swift; path = SignInView.swift; sourceTree = "<group>"; };
		250157F22BFF7B3700EDE4ED /* SignInViewController.swift */ = {isa = PBXFileReference; lastKnownFileType = sourcecode.swift; path = SignInViewController.swift; sourceTree = "<group>"; };
		2507EE8E2C2181FA00997516 /* Jalnan.otf */ = {isa = PBXFileReference; lastKnownFileType = file; path = Jalnan.otf; sourceTree = "<group>"; };
		2518A84E2BFE820200B510A9 /* FontManager.swift */ = {isa = PBXFileReference; lastKnownFileType = sourcecode.swift; path = FontManager.swift; sourceTree = "<group>"; };
		2518A8512BFE827600B510A9 /* UIButtonExtension.swift */ = {isa = PBXFileReference; lastKnownFileType = sourcecode.swift; path = UIButtonExtension.swift; sourceTree = "<group>"; };
		2518A8542BFF262B00B510A9 /* AppColors.swift */ = {isa = PBXFileReference; lastKnownFileType = sourcecode.swift; path = AppColors.swift; sourceTree = "<group>"; };
		2518A8562BFF272F00B510A9 /* UITextFieldExtension.swift */ = {isa = PBXFileReference; lastKnownFileType = sourcecode.swift; path = UITextFieldExtension.swift; sourceTree = "<group>"; };
		2534DA2B2BFFC1510015B289 /* AccountFinderView.swift */ = {isa = PBXFileReference; lastKnownFileType = sourcecode.swift; path = AccountFinderView.swift; sourceTree = "<group>"; };
		2534DA2D2BFFC3F20015B289 /* EmailPasswordChoiceView.swift */ = {isa = PBXFileReference; lastKnownFileType = sourcecode.swift; path = EmailPasswordChoiceView.swift; sourceTree = "<group>"; };
		2534DA2F2BFFC7620015B289 /* AccountFinderViewController.swift */ = {isa = PBXFileReference; lastKnownFileType = sourcecode.swift; path = AccountFinderViewController.swift; sourceTree = "<group>"; };
		2534DA312BFFC8720015B289 /* EmailPasswordChoiceViewController.swift */ = {isa = PBXFileReference; lastKnownFileType = sourcecode.swift; path = EmailPasswordChoiceViewController.swift; sourceTree = "<group>"; };
		259E11BB2C063BCF008A6A8B /* Model.swift */ = {isa = PBXFileReference; lastKnownFileType = sourcecode.swift; path = Model.swift; sourceTree = "<group>"; };
		259E11BE2C064B53008A6A8B /* ScheduleTableViewCell.swift */ = {isa = PBXFileReference; lastKnownFileType = sourcecode.swift; path = ScheduleTableViewCell.swift; sourceTree = "<group>"; };
		259E11C02C0668BC008A6A8B /* NanumGothic.otf */ = {isa = PBXFileReference; lastKnownFileType = file; path = NanumGothic.otf; sourceTree = "<group>"; };
		259E11C22C070E7D008A6A8B /* Haptics.swift */ = {isa = PBXFileReference; lastKnownFileType = sourcecode.swift; path = Haptics.swift; sourceTree = "<group>"; };
		259E11CC2C071976008A6A8B /* ScheduleCreationViewController.swift */ = {isa = PBXFileReference; lastKnownFileType = sourcecode.swift; path = ScheduleCreationViewController.swift; sourceTree = "<group>"; };
		259E11CE2C071AC6008A6A8B /* ScheduleCreationView.swift */ = {isa = PBXFileReference; lastKnownFileType = sourcecode.swift; path = ScheduleCreationView.swift; sourceTree = "<group>"; };
		25A6C5642BFE66E700B22DD1 /* ToDoIt.app */ = {isa = PBXFileReference; explicitFileType = wrapper.application; includeInIndex = 0; path = ToDoIt.app; sourceTree = BUILT_PRODUCTS_DIR; };
		25A6C5672BFE66E700B22DD1 /* AppDelegate.swift */ = {isa = PBXFileReference; lastKnownFileType = sourcecode.swift; path = AppDelegate.swift; sourceTree = "<group>"; };
		25A6C5692BFE66E700B22DD1 /* SceneDelegate.swift */ = {isa = PBXFileReference; lastKnownFileType = sourcecode.swift; path = SceneDelegate.swift; sourceTree = "<group>"; };
		25A6C5702BFE66E800B22DD1 /* Assets.xcassets */ = {isa = PBXFileReference; lastKnownFileType = folder.assetcatalog; path = Assets.xcassets; sourceTree = "<group>"; };
		25A6C5732BFE66E800B22DD1 /* Base */ = {isa = PBXFileReference; lastKnownFileType = file.storyboard; name = Base; path = Base.lproj/LaunchScreen.storyboard; sourceTree = "<group>"; };
		25A6C5752BFE66E800B22DD1 /* Info.plist */ = {isa = PBXFileReference; lastKnownFileType = text.plist.xml; path = Info.plist; sourceTree = "<group>"; };
		25AA73C62C0DB7140045296D /* ToDoTableViewCell.swift */ = {isa = PBXFileReference; lastKnownFileType = sourcecode.swift; path = ToDoTableViewCell.swift; sourceTree = "<group>"; };
		25B695432C24C07A00004A15 /* DateManager.swift */ = {isa = PBXFileReference; lastKnownFileType = sourcecode.swift; path = DateManager.swift; sourceTree = "<group>"; };
		25DA401B2C02151900B7F59E /* HomeViewController.swift */ = {isa = PBXFileReference; lastKnownFileType = sourcecode.swift; path = HomeViewController.swift; sourceTree = "<group>"; };
		25DA401D2C02153F00B7F59E /* HomeView.swift */ = {isa = PBXFileReference; lastKnownFileType = sourcecode.swift; path = HomeView.swift; sourceTree = "<group>"; };
		25DA401F2C02156D00B7F59E /* ScheduleViewController.swift */ = {isa = PBXFileReference; lastKnownFileType = sourcecode.swift; path = ScheduleViewController.swift; sourceTree = "<group>"; };
		25DA40212C02157D00B7F59E /* ScheduleView.swift */ = {isa = PBXFileReference; lastKnownFileType = sourcecode.swift; path = ScheduleView.swift; sourceTree = "<group>"; };
		25DA40232C0215F200B7F59E /* UserInfoViewController.swift */ = {isa = PBXFileReference; lastKnownFileType = sourcecode.swift; path = UserInfoViewController.swift; sourceTree = "<group>"; };
		25DA40252C02160300B7F59E /* UserInfoView.swift */ = {isa = PBXFileReference; lastKnownFileType = sourcecode.swift; path = UserInfoView.swift; sourceTree = "<group>"; };
		25DA40272C02217400B7F59E /* AppTexts.swift */ = {isa = PBXFileReference; lastKnownFileType = sourcecode.swift; path = AppTexts.swift; sourceTree = "<group>"; };
		25DA40292C03435400B7F59E /* EventSummaryView.swift */ = {isa = PBXFileReference; lastKnownFileType = sourcecode.swift; path = EventSummaryView.swift; sourceTree = "<group>"; };
		25DA402B2C0344A400B7F59E /* EventSummaryViewController.swift */ = {isa = PBXFileReference; lastKnownFileType = sourcecode.swift; path = EventSummaryViewController.swift; sourceTree = "<group>"; };
		25E4F45C2BFE7D6E00870129 /* AuthSelectionViewController.swift */ = {isa = PBXFileReference; lastKnownFileType = sourcecode.swift; path = AuthSelectionViewController.swift; sourceTree = "<group>"; };
		25E4F45E2BFE7D8300870129 /* EmailLoginViewController.swift */ = {isa = PBXFileReference; lastKnownFileType = sourcecode.swift; path = EmailLoginViewController.swift; sourceTree = "<group>"; };
		25E4F4602BFE7DC800870129 /* AuthSelectionView.swift */ = {isa = PBXFileReference; lastKnownFileType = sourcecode.swift; path = AuthSelectionView.swift; sourceTree = "<group>"; };
		25E4F4622BFE7DD100870129 /* EmailLoginView.swift */ = {isa = PBXFileReference; lastKnownFileType = sourcecode.swift; path = EmailLoginView.swift; sourceTree = "<group>"; };
		25E4F4672BFE7F1800870129 /* NanumGothicBold.otf */ = {isa = PBXFileReference; lastKnownFileType = file; path = NanumGothicBold.otf; sourceTree = "<group>"; };
		25E4F4692BFE7F1E00870129 /* NanumGothicExtraBold.otf */ = {isa = PBXFileReference; lastKnownFileType = file; path = NanumGothicExtraBold.otf; sourceTree = "<group>"; };
		3461275EEB0521E3264E0D10 /* Pods-ToDoIt.release.xcconfig */ = {isa = PBXFileReference; includeInIndex = 1; lastKnownFileType = text.xcconfig; name = "Pods-ToDoIt.release.xcconfig"; path = "Target Support Files/Pods-ToDoIt/Pods-ToDoIt.release.xcconfig"; sourceTree = "<group>"; };
		F4177CBE3F632AA5895305DB /* Pods_ToDoIt.framework */ = {isa = PBXFileReference; explicitFileType = wrapper.framework; includeInIndex = 0; path = Pods_ToDoIt.framework; sourceTree = BUILT_PRODUCTS_DIR; };
		FA9B147E80424035C3AB619A /* Pods-ToDoIt.debug.xcconfig */ = {isa = PBXFileReference; includeInIndex = 1; lastKnownFileType = text.xcconfig; name = "Pods-ToDoIt.debug.xcconfig"; path = "Target Support Files/Pods-ToDoIt/Pods-ToDoIt.debug.xcconfig"; sourceTree = "<group>"; };
/* End PBXFileReference section */

/* Begin PBXFrameworksBuildPhase section */
		25A6C5612BFE66E700B22DD1 /* Frameworks */ = {
			isa = PBXFrameworksBuildPhase;
			buildActionMask = 2147483647;
			files = (
				9217436B78632A3970F4EC5A /* Pods_ToDoIt.framework in Frameworks */,
			);
			runOnlyForDeploymentPostprocessing = 0;
		};
/* End PBXFrameworksBuildPhase section */

/* Begin PBXGroup section */
		2518A84D2BFE81EC00B510A9 /* Manager */ = {
			isa = PBXGroup;
			children = (
				2518A84E2BFE820200B510A9 /* FontManager.swift */,
				25B695432C24C07A00004A15 /* DateManager.swift */,
			);
			path = Manager;
			sourceTree = "<group>";
		};
		2518A8502BFE824800B510A9 /* Extension */ = {
			isa = PBXGroup;
			children = (
				2518A8512BFE827600B510A9 /* UIButtonExtension.swift */,
				2518A8562BFF272F00B510A9 /* UITextFieldExtension.swift */,
			);
			path = Extension;
			sourceTree = "<group>";
		};
		2518A8532BFF260600B510A9 /* Convenience */ = {
			isa = PBXGroup;
			children = (
				2518A8542BFF262B00B510A9 /* AppColors.swift */,
				25DA40272C02217400B7F59E /* AppTexts.swift */,
				259E11C22C070E7D008A6A8B /* Haptics.swift */,
			);
			path = Convenience;
			sourceTree = "<group>";
		};
		259E11B92C063A28008A6A8B /* Model */ = {
			isa = PBXGroup;
			children = (
				259E11BB2C063BCF008A6A8B /* Model.swift */,
			);
			path = Model;
			sourceTree = "<group>";
		};
		259E11BD2C064B13008A6A8B /* Cell */ = {
			isa = PBXGroup;
			children = (
				259E11BE2C064B53008A6A8B /* ScheduleTableViewCell.swift */,
				25AA73C62C0DB7140045296D /* ToDoTableViewCell.swift */,
			);
			path = Cell;
			sourceTree = "<group>";
		};
		259E11C42C071789008A6A8B /* Login */ = {
			isa = PBXGroup;
			children = (
				25E4F4602BFE7DC800870129 /* AuthSelectionView.swift */,
				25E4F4622BFE7DD100870129 /* EmailLoginView.swift */,
				2534DA2B2BFFC1510015B289 /* AccountFinderView.swift */,
				2534DA2D2BFFC3F20015B289 /* EmailPasswordChoiceView.swift */,
				250157F02BFF773B00EDE4ED /* SignInView.swift */,
			);
			path = Login;
			sourceTree = "<group>";
		};
		259E11C52C0717C5008A6A8B /* Schedule */ = {
			isa = PBXGroup;
			children = (
				25DA40212C02157D00B7F59E /* ScheduleView.swift */,
				25DA40292C03435400B7F59E /* EventSummaryView.swift */,
				259E11CE2C071AC6008A6A8B /* ScheduleCreationView.swift */,
			);
			path = Schedule;
			sourceTree = "<group>";
		};
		259E11C62C0717DF008A6A8B /* User */ = {
			isa = PBXGroup;
			children = (
				25DA40252C02160300B7F59E /* UserInfoView.swift */,
			);
			path = User;
			sourceTree = "<group>";
		};
		259E11C72C0717FD008A6A8B /* Todo */ = {
			isa = PBXGroup;
			children = (
				25DA401D2C02153F00B7F59E /* HomeView.swift */,
			);
			path = Todo;
			sourceTree = "<group>";
		};
		259E11C82C071823008A6A8B /* Login */ = {
			isa = PBXGroup;
			children = (
				25E4F45C2BFE7D6E00870129 /* AuthSelectionViewController.swift */,
				25E4F45E2BFE7D8300870129 /* EmailLoginViewController.swift */,
				2534DA2F2BFFC7620015B289 /* AccountFinderViewController.swift */,
				2534DA312BFFC8720015B289 /* EmailPasswordChoiceViewController.swift */,
				250157F22BFF7B3700EDE4ED /* SignInViewController.swift */,
			);
			path = Login;
			sourceTree = "<group>";
		};
		259E11C92C071832008A6A8B /* Todo */ = {
			isa = PBXGroup;
			children = (
				25DA401B2C02151900B7F59E /* HomeViewController.swift */,
			);
			path = Todo;
			sourceTree = "<group>";
		};
		259E11CA2C071839008A6A8B /* Schedule */ = {
			isa = PBXGroup;
			children = (
				25DA401F2C02156D00B7F59E /* ScheduleViewController.swift */,
				25DA402B2C0344A400B7F59E /* EventSummaryViewController.swift */,
				259E11CC2C071976008A6A8B /* ScheduleCreationViewController.swift */,
			);
			path = Schedule;
			sourceTree = "<group>";
		};
		259E11CB2C071841008A6A8B /* User */ = {
			isa = PBXGroup;
			children = (
				25DA40232C0215F200B7F59E /* UserInfoViewController.swift */,
			);
			path = User;
			sourceTree = "<group>";
		};
		25A6C55B2BFE66E700B22DD1 = {
			isa = PBXGroup;
			children = (
				25A6C5662BFE66E700B22DD1 /* ToDoIt */,
				25A6C5652BFE66E700B22DD1 /* Products */,
				911D3F0B04F6982432D7D771 /* Pods */,
				5EC994B85671EF86AE0BBE8E /* Frameworks */,
			);
			sourceTree = "<group>";
		};
		25A6C5652BFE66E700B22DD1 /* Products */ = {
			isa = PBXGroup;
			children = (
				25A6C5642BFE66E700B22DD1 /* ToDoIt.app */,
			);
			name = Products;
			sourceTree = "<group>";
		};
		25A6C5662BFE66E700B22DD1 /* ToDoIt */ = {
			isa = PBXGroup;
			children = (
				25A6C5672BFE66E700B22DD1 /* AppDelegate.swift */,
				25A6C5692BFE66E700B22DD1 /* SceneDelegate.swift */,
				2518A8532BFF260600B510A9 /* Convenience */,
				25E4F4662BFE7E8F00870129 /* Fonts */,
				2518A8502BFE824800B510A9 /* Extension */,
				2518A84D2BFE81EC00B510A9 /* Manager */,
				259E11BD2C064B13008A6A8B /* Cell */,
				259E11B92C063A28008A6A8B /* Model */,
				25E4F4652BFE7DE000870129 /* View */,
				25E4F4642BFE7DD400870129 /* Controller */,
				25A6C5722BFE66E800B22DD1 /* LaunchScreen.storyboard */,
				25A6C5702BFE66E800B22DD1 /* Assets.xcassets */,
				25A6C5752BFE66E800B22DD1 /* Info.plist */,
			);
			path = ToDoIt;
			sourceTree = "<group>";
		};
		25E4F4642BFE7DD400870129 /* Controller */ = {
			isa = PBXGroup;
			children = (
				259E11C82C071823008A6A8B /* Login */,
				259E11C92C071832008A6A8B /* Todo */,
				259E11CA2C071839008A6A8B /* Schedule */,
				259E11CB2C071841008A6A8B /* User */,
			);
			path = Controller;
			sourceTree = "<group>";
		};
		25E4F4652BFE7DE000870129 /* View */ = {
			isa = PBXGroup;
			children = (
				259E11C42C071789008A6A8B /* Login */,
				259E11C72C0717FD008A6A8B /* Todo */,
				259E11C52C0717C5008A6A8B /* Schedule */,
				259E11C62C0717DF008A6A8B /* User */,
			);
			path = View;
			sourceTree = "<group>";
		};
		25E4F4662BFE7E8F00870129 /* Fonts */ = {
			isa = PBXGroup;
			children = (
				259E11C02C0668BC008A6A8B /* NanumGothic.otf */,
				2507EE8E2C2181FA00997516 /* Jalnan.otf */,
				25E4F4672BFE7F1800870129 /* NanumGothicBold.otf */,
				25E4F4692BFE7F1E00870129 /* NanumGothicExtraBold.otf */,
			);
			path = Fonts;
			sourceTree = "<group>";
		};
		5EC994B85671EF86AE0BBE8E /* Frameworks */ = {
			isa = PBXGroup;
			children = (
				F4177CBE3F632AA5895305DB /* Pods_ToDoIt.framework */,
			);
			name = Frameworks;
			sourceTree = "<group>";
		};
		911D3F0B04F6982432D7D771 /* Pods */ = {
			isa = PBXGroup;
			children = (
				FA9B147E80424035C3AB619A /* Pods-ToDoIt.debug.xcconfig */,
				3461275EEB0521E3264E0D10 /* Pods-ToDoIt.release.xcconfig */,
			);
			path = Pods;
			sourceTree = "<group>";
		};
/* End PBXGroup section */

/* Begin PBXNativeTarget section */
		25A6C5632BFE66E700B22DD1 /* ToDoIt */ = {
			isa = PBXNativeTarget;
			buildConfigurationList = 25A6C5782BFE66E800B22DD1 /* Build configuration list for PBXNativeTarget "ToDoIt" */;
			buildPhases = (
				1818437CC6E91EA4927CE88A /* [CP] Check Pods Manifest.lock */,
				25A6C5602BFE66E700B22DD1 /* Sources */,
				25A6C5612BFE66E700B22DD1 /* Frameworks */,
				25A6C5622BFE66E700B22DD1 /* Resources */,
				FAAE5340DA4CBB5E50C77D03 /* [CP] Embed Pods Frameworks */,
				14551B8DEF59D9CE83BE3752 /* [CP] Copy Pods Resources */,
			);
			buildRules = (
			);
			dependencies = (
			);
			name = ToDoIt;
			productName = ToDoIt;
			productReference = 25A6C5642BFE66E700B22DD1 /* ToDoIt.app */;
			productType = "com.apple.product-type.application";
		};
/* End PBXNativeTarget section */

/* Begin PBXProject section */
		25A6C55C2BFE66E700B22DD1 /* Project object */ = {
			isa = PBXProject;
			attributes = {
				BuildIndependentTargetsInParallel = 1;
				LastSwiftUpdateCheck = 1540;
				LastUpgradeCheck = 1540;
				TargetAttributes = {
					25A6C5632BFE66E700B22DD1 = {
						CreatedOnToolsVersion = 15.4;
					};
				};
			};
			buildConfigurationList = 25A6C55F2BFE66E700B22DD1 /* Build configuration list for PBXProject "ToDoIt" */;
			compatibilityVersion = "Xcode 14.0";
			developmentRegion = en;
			hasScannedForEncodings = 0;
			knownRegions = (
				en,
				Base,
			);
			mainGroup = 25A6C55B2BFE66E700B22DD1;
			productRefGroup = 25A6C5652BFE66E700B22DD1 /* Products */;
			projectDirPath = "";
			projectRoot = "";
			targets = (
				25A6C5632BFE66E700B22DD1 /* ToDoIt */,
			);
		};
/* End PBXProject section */

/* Begin PBXResourcesBuildPhase section */
		25A6C5622BFE66E700B22DD1 /* Resources */ = {
			isa = PBXResourcesBuildPhase;
			buildActionMask = 2147483647;
			files = (
				25E4F4682BFE7F1800870129 /* NanumGothicBold.otf in Resources */,
				25A6C5712BFE66E800B22DD1 /* Assets.xcassets in Resources */,
				25A6C5742BFE66E800B22DD1 /* Base in Resources */,
				25E4F46A2BFE7F1E00870129 /* NanumGothicExtraBold.otf in Resources */,
				259E11C12C0668BC008A6A8B /* NanumGothic.otf in Resources */,
				2507EE8F2C2181FA00997516 /* Jalnan.otf in Resources */,
			);
			runOnlyForDeploymentPostprocessing = 0;
		};
/* End PBXResourcesBuildPhase section */

/* Begin PBXShellScriptBuildPhase section */
		14551B8DEF59D9CE83BE3752 /* [CP] Copy Pods Resources */ = {
			isa = PBXShellScriptBuildPhase;
			buildActionMask = 2147483647;
			files = (
			);
			inputFileListPaths = (
				"${PODS_ROOT}/Target Support Files/Pods-ToDoIt/Pods-ToDoIt-resources-${CONFIGURATION}-input-files.xcfilelist",
			);
			name = "[CP] Copy Pods Resources";
			outputFileListPaths = (
				"${PODS_ROOT}/Target Support Files/Pods-ToDoIt/Pods-ToDoIt-resources-${CONFIGURATION}-output-files.xcfilelist",
			);
			runOnlyForDeploymentPostprocessing = 0;
			shellPath = /bin/sh;
			shellScript = "\"${PODS_ROOT}/Target Support Files/Pods-ToDoIt/Pods-ToDoIt-resources.sh\"\n";
			showEnvVarsInLog = 0;
		};
		1818437CC6E91EA4927CE88A /* [CP] Check Pods Manifest.lock */ = {
			isa = PBXShellScriptBuildPhase;
			buildActionMask = 2147483647;
			files = (
			);
			inputFileListPaths = (
			);
			inputPaths = (
				"${PODS_PODFILE_DIR_PATH}/Podfile.lock",
				"${PODS_ROOT}/Manifest.lock",
			);
			name = "[CP] Check Pods Manifest.lock";
			outputFileListPaths = (
			);
			outputPaths = (
				"$(DERIVED_FILE_DIR)/Pods-ToDoIt-checkManifestLockResult.txt",
			);
			runOnlyForDeploymentPostprocessing = 0;
			shellPath = /bin/sh;
			shellScript = "diff \"${PODS_PODFILE_DIR_PATH}/Podfile.lock\" \"${PODS_ROOT}/Manifest.lock\" > /dev/null\nif [ $? != 0 ] ; then\n    # print error to STDERR\n    echo \"error: The sandbox is not in sync with the Podfile.lock. Run 'pod install' or update your CocoaPods installation.\" >&2\n    exit 1\nfi\n# This output is used by Xcode 'outputs' to avoid re-running this script phase.\necho \"SUCCESS\" > \"${SCRIPT_OUTPUT_FILE_0}\"\n";
			showEnvVarsInLog = 0;
		};
		FAAE5340DA4CBB5E50C77D03 /* [CP] Embed Pods Frameworks */ = {
			isa = PBXShellScriptBuildPhase;
			buildActionMask = 2147483647;
			files = (
			);
			inputFileListPaths = (
				"${PODS_ROOT}/Target Support Files/Pods-ToDoIt/Pods-ToDoIt-frameworks-${CONFIGURATION}-input-files.xcfilelist",
			);
			name = "[CP] Embed Pods Frameworks";
			outputFileListPaths = (
				"${PODS_ROOT}/Target Support Files/Pods-ToDoIt/Pods-ToDoIt-frameworks-${CONFIGURATION}-output-files.xcfilelist",
			);
			runOnlyForDeploymentPostprocessing = 0;
			shellPath = /bin/sh;
			shellScript = "\"${PODS_ROOT}/Target Support Files/Pods-ToDoIt/Pods-ToDoIt-frameworks.sh\"\n";
			showEnvVarsInLog = 0;
		};
/* End PBXShellScriptBuildPhase section */

/* Begin PBXSourcesBuildPhase section */
		25A6C5602BFE66E700B22DD1 /* Sources */ = {
			isa = PBXSourcesBuildPhase;
			buildActionMask = 2147483647;
			files = (
				259E11C32C070E7D008A6A8B /* Haptics.swift in Sources */,
				259E11BC2C063BCF008A6A8B /* Model.swift in Sources */,
				25DA40262C02160300B7F59E /* UserInfoView.swift in Sources */,
				2534DA302BFFC7620015B289 /* AccountFinderViewController.swift in Sources */,
				25DA402A2C03435400B7F59E /* EventSummaryView.swift in Sources */,
				25B695442C24C07A00004A15 /* DateManager.swift in Sources */,
				25DA40282C02217400B7F59E /* AppTexts.swift in Sources */,
				25E4F4632BFE7DD100870129 /* EmailLoginView.swift in Sources */,
				2534DA2E2BFFC3F20015B289 /* EmailPasswordChoiceView.swift in Sources */,
				25E4F45F2BFE7D8300870129 /* EmailLoginViewController.swift in Sources */,
				2534DA322BFFC8720015B289 /* EmailPasswordChoiceViewController.swift in Sources */,
				25DA40242C0215F200B7F59E /* UserInfoViewController.swift in Sources */,
				25DA401C2C02151900B7F59E /* HomeViewController.swift in Sources */,
				25E4F4612BFE7DC800870129 /* AuthSelectionView.swift in Sources */,
				2518A8552BFF262B00B510A9 /* AppColors.swift in Sources */,
				250157F32BFF7B3700EDE4ED /* SignInViewController.swift in Sources */,
				2518A8572BFF272F00B510A9 /* UITextFieldExtension.swift in Sources */,
				250157F12BFF773B00EDE4ED /* SignInView.swift in Sources */,
				25E4F45D2BFE7D6E00870129 /* AuthSelectionViewController.swift in Sources */,
				2518A8522BFE827600B510A9 /* UIButtonExtension.swift in Sources */,
				2534DA2C2BFFC1510015B289 /* AccountFinderView.swift in Sources */,
				259E11CF2C071AC6008A6A8B /* ScheduleCreationView.swift in Sources */,
				25DA40202C02156D00B7F59E /* ScheduleViewController.swift in Sources */,
				25A6C5682BFE66E700B22DD1 /* AppDelegate.swift in Sources */,
				259E11BF2C064B53008A6A8B /* ScheduleTableViewCell.swift in Sources */,
				25DA40222C02157D00B7F59E /* ScheduleView.swift in Sources */,
				259E11CD2C071976008A6A8B /* ScheduleCreationViewController.swift in Sources */,
				25AA73C72C0DB7140045296D /* ToDoTableViewCell.swift in Sources */,
				2518A84F2BFE820200B510A9 /* FontManager.swift in Sources */,
				25A6C56A2BFE66E700B22DD1 /* SceneDelegate.swift in Sources */,
				25DA402C2C0344A400B7F59E /* EventSummaryViewController.swift in Sources */,
				25DA401E2C02153F00B7F59E /* HomeView.swift in Sources */,
			);
			runOnlyForDeploymentPostprocessing = 0;
		};
/* End PBXSourcesBuildPhase section */

/* Begin PBXVariantGroup section */
		25A6C5722BFE66E800B22DD1 /* LaunchScreen.storyboard */ = {
			isa = PBXVariantGroup;
			children = (
				25A6C5732BFE66E800B22DD1 /* Base */,
			);
			name = LaunchScreen.storyboard;
			sourceTree = "<group>";
		};
/* End PBXVariantGroup section */

/* Begin XCBuildConfiguration section */
		25A6C5762BFE66E800B22DD1 /* Debug */ = {
			isa = XCBuildConfiguration;
			buildSettings = {
				ALWAYS_SEARCH_USER_PATHS = NO;
				ASSETCATALOG_COMPILER_GENERATE_SWIFT_ASSET_SYMBOL_EXTENSIONS = YES;
				CLANG_ANALYZER_NONNULL = YES;
				CLANG_ANALYZER_NUMBER_OBJECT_CONVERSION = YES_AGGRESSIVE;
				CLANG_CXX_LANGUAGE_STANDARD = "gnu++20";
				CLANG_ENABLE_MODULES = YES;
				CLANG_ENABLE_OBJC_ARC = YES;
				CLANG_ENABLE_OBJC_WEAK = YES;
				CLANG_WARN_BLOCK_CAPTURE_AUTORELEASING = YES;
				CLANG_WARN_BOOL_CONVERSION = YES;
				CLANG_WARN_COMMA = YES;
				CLANG_WARN_CONSTANT_CONVERSION = YES;
				CLANG_WARN_DEPRECATED_OBJC_IMPLEMENTATIONS = YES;
				CLANG_WARN_DIRECT_OBJC_ISA_USAGE = YES_ERROR;
				CLANG_WARN_DOCUMENTATION_COMMENTS = YES;
				CLANG_WARN_EMPTY_BODY = YES;
				CLANG_WARN_ENUM_CONVERSION = YES;
				CLANG_WARN_INFINITE_RECURSION = YES;
				CLANG_WARN_INT_CONVERSION = YES;
				CLANG_WARN_NON_LITERAL_NULL_CONVERSION = YES;
				CLANG_WARN_OBJC_IMPLICIT_RETAIN_SELF = YES;
				CLANG_WARN_OBJC_LITERAL_CONVERSION = YES;
				CLANG_WARN_OBJC_ROOT_CLASS = YES_ERROR;
				CLANG_WARN_QUOTED_INCLUDE_IN_FRAMEWORK_HEADER = YES;
				CLANG_WARN_RANGE_LOOP_ANALYSIS = YES;
				CLANG_WARN_STRICT_PROTOTYPES = YES;
				CLANG_WARN_SUSPICIOUS_MOVE = YES;
				CLANG_WARN_UNGUARDED_AVAILABILITY = YES_AGGRESSIVE;
				CLANG_WARN_UNREACHABLE_CODE = YES;
				CLANG_WARN__DUPLICATE_METHOD_MATCH = YES;
				COPY_PHASE_STRIP = NO;
				DEBUG_INFORMATION_FORMAT = dwarf;
				ENABLE_STRICT_OBJC_MSGSEND = YES;
				ENABLE_TESTABILITY = YES;
				ENABLE_USER_SCRIPT_SANDBOXING = NO;
				GCC_C_LANGUAGE_STANDARD = gnu17;
				GCC_DYNAMIC_NO_PIC = NO;
				GCC_NO_COMMON_BLOCKS = YES;
				GCC_OPTIMIZATION_LEVEL = 0;
				GCC_PREPROCESSOR_DEFINITIONS = (
					"DEBUG=1",
					"$(inherited)",
				);
				GCC_WARN_64_TO_32_BIT_CONVERSION = YES;
				GCC_WARN_ABOUT_RETURN_TYPE = YES_ERROR;
				GCC_WARN_UNDECLARED_SELECTOR = YES;
				GCC_WARN_UNINITIALIZED_AUTOS = YES_AGGRESSIVE;
				GCC_WARN_UNUSED_FUNCTION = YES;
				GCC_WARN_UNUSED_VARIABLE = YES;
				IPHONEOS_DEPLOYMENT_TARGET = 16.5;
				LOCALIZATION_PREFERS_STRING_CATALOGS = YES;
				MTL_ENABLE_DEBUG_INFO = INCLUDE_SOURCE;
				MTL_FAST_MATH = YES;
				ONLY_ACTIVE_ARCH = YES;
				SDKROOT = iphoneos;
				SWIFT_ACTIVE_COMPILATION_CONDITIONS = "DEBUG $(inherited)";
				SWIFT_OPTIMIZATION_LEVEL = "-Onone";
			};
			name = Debug;
		};
		25A6C5772BFE66E800B22DD1 /* Release */ = {
			isa = XCBuildConfiguration;
			buildSettings = {
				ALWAYS_SEARCH_USER_PATHS = NO;
				ASSETCATALOG_COMPILER_GENERATE_SWIFT_ASSET_SYMBOL_EXTENSIONS = YES;
				CLANG_ANALYZER_NONNULL = YES;
				CLANG_ANALYZER_NUMBER_OBJECT_CONVERSION = YES_AGGRESSIVE;
				CLANG_CXX_LANGUAGE_STANDARD = "gnu++20";
				CLANG_ENABLE_MODULES = YES;
				CLANG_ENABLE_OBJC_ARC = YES;
				CLANG_ENABLE_OBJC_WEAK = YES;
				CLANG_WARN_BLOCK_CAPTURE_AUTORELEASING = YES;
				CLANG_WARN_BOOL_CONVERSION = YES;
				CLANG_WARN_COMMA = YES;
				CLANG_WARN_CONSTANT_CONVERSION = YES;
				CLANG_WARN_DEPRECATED_OBJC_IMPLEMENTATIONS = YES;
				CLANG_WARN_DIRECT_OBJC_ISA_USAGE = YES_ERROR;
				CLANG_WARN_DOCUMENTATION_COMMENTS = YES;
				CLANG_WARN_EMPTY_BODY = YES;
				CLANG_WARN_ENUM_CONVERSION = YES;
				CLANG_WARN_INFINITE_RECURSION = YES;
				CLANG_WARN_INT_CONVERSION = YES;
				CLANG_WARN_NON_LITERAL_NULL_CONVERSION = YES;
				CLANG_WARN_OBJC_IMPLICIT_RETAIN_SELF = YES;
				CLANG_WARN_OBJC_LITERAL_CONVERSION = YES;
				CLANG_WARN_OBJC_ROOT_CLASS = YES_ERROR;
				CLANG_WARN_QUOTED_INCLUDE_IN_FRAMEWORK_HEADER = YES;
				CLANG_WARN_RANGE_LOOP_ANALYSIS = YES;
				CLANG_WARN_STRICT_PROTOTYPES = YES;
				CLANG_WARN_SUSPICIOUS_MOVE = YES;
				CLANG_WARN_UNGUARDED_AVAILABILITY = YES_AGGRESSIVE;
				CLANG_WARN_UNREACHABLE_CODE = YES;
				CLANG_WARN__DUPLICATE_METHOD_MATCH = YES;
				COPY_PHASE_STRIP = NO;
				DEBUG_INFORMATION_FORMAT = "dwarf-with-dsym";
				ENABLE_NS_ASSERTIONS = NO;
				ENABLE_STRICT_OBJC_MSGSEND = YES;
				ENABLE_USER_SCRIPT_SANDBOXING = NO;
				GCC_C_LANGUAGE_STANDARD = gnu17;
				GCC_NO_COMMON_BLOCKS = YES;
				GCC_WARN_64_TO_32_BIT_CONVERSION = YES;
				GCC_WARN_ABOUT_RETURN_TYPE = YES_ERROR;
				GCC_WARN_UNDECLARED_SELECTOR = YES;
				GCC_WARN_UNINITIALIZED_AUTOS = YES_AGGRESSIVE;
				GCC_WARN_UNUSED_FUNCTION = YES;
				GCC_WARN_UNUSED_VARIABLE = YES;
				IPHONEOS_DEPLOYMENT_TARGET = 16.5;
				LOCALIZATION_PREFERS_STRING_CATALOGS = YES;
				MTL_ENABLE_DEBUG_INFO = NO;
				MTL_FAST_MATH = YES;
				SDKROOT = iphoneos;
				SWIFT_COMPILATION_MODE = wholemodule;
				VALIDATE_PRODUCT = YES;
			};
			name = Release;
		};
		25A6C5792BFE66E800B22DD1 /* Debug */ = {
			isa = XCBuildConfiguration;
			baseConfigurationReference = FA9B147E80424035C3AB619A /* Pods-ToDoIt.debug.xcconfig */;
			buildSettings = {
				ASSETCATALOG_COMPILER_APPICON_NAME = AppIcon;
				ASSETCATALOG_COMPILER_GLOBAL_ACCENT_COLOR_NAME = AccentColor;
				CODE_SIGN_STYLE = Automatic;
				CURRENT_PROJECT_VERSION = 1;
				DEVELOPMENT_TEAM = 4VFRVNS33P;
				GENERATE_INFOPLIST_FILE = YES;
				INFOPLIST_FILE = ToDoIt/Info.plist;
				INFOPLIST_KEY_UIApplicationSupportsIndirectInputEvents = YES;
				INFOPLIST_KEY_UILaunchStoryboardName = LaunchScreen;
				INFOPLIST_KEY_UISupportedInterfaceOrientations = UIInterfaceOrientationPortrait;
				INFOPLIST_KEY_UISupportedInterfaceOrientations_iPad = "UIInterfaceOrientationLandscapeLeft UIInterfaceOrientationLandscapeRight UIInterfaceOrientationPortrait UIInterfaceOrientationPortraitUpsideDown";
				IPHONEOS_DEPLOYMENT_TARGET = 16.2;
				LD_RUNPATH_SEARCH_PATHS = (
					"$(inherited)",
					"@executable_path/Frameworks",
				);
				MARKETING_VERSION = 1.0;
				PRODUCT_BUNDLE_IDENTIFIER = com.stitch.ToDoIt;
				PRODUCT_NAME = "$(TARGET_NAME)";
				SUPPORTED_PLATFORMS = "iphoneos iphonesimulator";
				SUPPORTS_MACCATALYST = NO;
				SUPPORTS_MAC_DESIGNED_FOR_IPHONE_IPAD = NO;
				SUPPORTS_XR_DESIGNED_FOR_IPHONE_IPAD = NO;
				SWIFT_EMIT_LOC_STRINGS = YES;
				SWIFT_VERSION = 5.0;
				TARGETED_DEVICE_FAMILY = 1;
			};
			name = Debug;
		};
		25A6C57A2BFE66E800B22DD1 /* Release */ = {
			isa = XCBuildConfiguration;
			baseConfigurationReference = 3461275EEB0521E3264E0D10 /* Pods-ToDoIt.release.xcconfig */;
			buildSettings = {
				ASSETCATALOG_COMPILER_APPICON_NAME = AppIcon;
				ASSETCATALOG_COMPILER_GLOBAL_ACCENT_COLOR_NAME = AccentColor;
				CODE_SIGN_STYLE = Automatic;
				CURRENT_PROJECT_VERSION = 1;
				DEVELOPMENT_TEAM = 4VFRVNS33P;
				GENERATE_INFOPLIST_FILE = YES;
				INFOPLIST_FILE = ToDoIt/Info.plist;
				INFOPLIST_KEY_UIApplicationSupportsIndirectInputEvents = YES;
				INFOPLIST_KEY_UILaunchStoryboardName = LaunchScreen;
				INFOPLIST_KEY_UISupportedInterfaceOrientations = UIInterfaceOrientationPortrait;
				INFOPLIST_KEY_UISupportedInterfaceOrientations_iPad = "UIInterfaceOrientationLandscapeLeft UIInterfaceOrientationLandscapeRight UIInterfaceOrientationPortrait UIInterfaceOrientationPortraitUpsideDown";
				IPHONEOS_DEPLOYMENT_TARGET = 16.2;
				LD_RUNPATH_SEARCH_PATHS = (
					"$(inherited)",
					"@executable_path/Frameworks",
				);
				MARKETING_VERSION = 1.0;
				PRODUCT_BUNDLE_IDENTIFIER = com.stitch.ToDoIt;
				PRODUCT_NAME = "$(TARGET_NAME)";
				SUPPORTED_PLATFORMS = "iphoneos iphonesimulator";
				SUPPORTS_MACCATALYST = NO;
				SUPPORTS_MAC_DESIGNED_FOR_IPHONE_IPAD = NO;
				SUPPORTS_XR_DESIGNED_FOR_IPHONE_IPAD = NO;
				SWIFT_EMIT_LOC_STRINGS = YES;
				SWIFT_VERSION = 5.0;
				TARGETED_DEVICE_FAMILY = 1;
			};
			name = Release;
		};
/* End XCBuildConfiguration section */

/* Begin XCConfigurationList section */
		25A6C55F2BFE66E700B22DD1 /* Build configuration list for PBXProject "ToDoIt" */ = {
			isa = XCConfigurationList;
			buildConfigurations = (
				25A6C5762BFE66E800B22DD1 /* Debug */,
				25A6C5772BFE66E800B22DD1 /* Release */,
			);
			defaultConfigurationIsVisible = 0;
			defaultConfigurationName = Release;
		};
		25A6C5782BFE66E800B22DD1 /* Build configuration list for PBXNativeTarget "ToDoIt" */ = {
			isa = XCConfigurationList;
			buildConfigurations = (
				25A6C5792BFE66E800B22DD1 /* Debug */,
				25A6C57A2BFE66E800B22DD1 /* Release */,
			);
			defaultConfigurationIsVisible = 0;
			defaultConfigurationName = Release;
		};
/* End XCConfigurationList section */
	};
	rootObject = 25A6C55C2BFE66E700B22DD1 /* Project object */;
}
